
Microsoft Visual Studio Solution File, Format Version 12.00
# Visual Studio Version 17
VisualStudioVersion = 17.0.32112.339
MinimumVisualStudioVersion = 10.0.40219.1
Project("{FAE04EC0-301F-11D3-BF4B-00C04F79EFBC}") = "wo_calculator.Logic", "wo_calculator.Logic\wo_calculator.Logic.csproj", "{AF78E526-7E5F-46B9-8944-DD4A0E63545F}"
EndProject
Project("{FAE04EC0-301F-11D3-BF4B-00C04F79EFBC}") = "wo_calculator.Tests", "wo_calculator.Tests\wo_calculator.Tests.csproj", "{6725F8EE-ED02-44FD-9768-FCA634A976D4}"
EndProject
Project("{FAE04EC0-301F-11D3-BF4B-00C04F79EFBC}") = "wo_calculator.Console", "wo_calculator.Console\wo_calculator.Console.csproj", "{1310C922-265A-4A0E-B28B-5F05C6E9265B}"
EndProject
Global
	GlobalSection(SolutionConfigurationPlatforms) = preSolution
		Debug|Any CPU = Debug|Any CPU
		Release|Any CPU = Release|Any CPU
	EndGlobalSection
	GlobalSection(ProjectConfigurationPlatforms) = postSolution
		{AF78E526-7E5F-46B9-8944-DD4A0E63545F}.Debug|Any CPU.ActiveCfg = Debug|Any CPU
		{AF78E526-7E5F-46B9-8944-DD4A0E63545F}.Debug|Any CPU.Build.0 = Debug|Any CPU
		{AF78E526-7E5F-46B9-8944-DD4A0E63545F}.Release|Any CPU.ActiveCfg = Release|Any CPU
		{AF78E526-7E5F-46B9-8944-DD4A0E63545F}.Release|Any CPU.Build.0 = Release|Any CPU
		{6725F8EE-ED02-44FD-9768-FCA634A976D4}.Debug|Any CPU.ActiveCfg = Debug|Any CPU
		{6725F8EE-ED02-44FD-9768-FCA634A976D4}.Debug|Any CPU.Build.0 = Debug|Any CPU
		{6725F8EE-ED02-44FD-9768-FCA634A976D4}.Release|Any CPU.ActiveCfg = Release|Any CPU
		{6725F8EE-ED02-44FD-9768-FCA634A976D4}.Release|Any CPU.Build.0 = Release|Any CPU
		{1310C922-265A-4A0E-B28B-5F05C6E9265B}.Debug|Any CPU.ActiveCfg = Debug|Any CPU
		{1310C922-265A-4A0E-B28B-5F05C6E9265B}.Debug|Any CPU.Build.0 = Debug|Any CPU
		{1310C922-265A-4A0E-B28B-5F05C6E9265B}.Release|Any CPU.ActiveCfg = Release|Any CPU
		{1310C922-265A-4A0E-B28B-5F05C6E9265B}.Release|Any CPU.Build.0 = Release|Any CPU
	EndGlobalSection
	GlobalSection(SolutionProperties) = preSolution
		HideSolutionNode = FALSE
	EndGlobalSection
	GlobalSection(ExtensibilityGlobals) = postSolution
		SolutionGuid = {D4059B8B-84CC-45FE-867F-3CD417BA4735}
	EndGlobalSection
EndGlobal
